
Microsoft Visual Studio Solution File, Format Version 12.00
# Visual Studio Version 17
VisualStudioVersion = 17.11.35222.181
MinimumVisualStudioVersion = 10.0.40219.1
Project("{FAE04EC0-301F-11D3-BF4B-00C04F79EFBC}") = "3M05sortWstawianie", "3M05sortWstawianie\3M05sortWstawianie.csproj", "{B089138A-A233-4CEE-80F1-48B990A30417}"
EndProject
Global
	GlobalSection(SolutionConfigurationPlatforms) = preSolution
		Debug|Any CPU = Debug|Any CPU
		Release|Any CPU = Release|Any CPU
	EndGlobalSection
	GlobalSection(ProjectConfigurationPlatforms) = postSolution
		{B089138A-A233-4CEE-80F1-48B990A30417}.Debug|Any CPU.ActiveCfg = Debug|Any CPU
		{B089138A-A233-4CEE-80F1-48B990A30417}.Debug|Any CPU.Build.0 = Debug|Any CPU
		{B089138A-A233-4CEE-80F1-48B990A30417}.Release|Any CPU.ActiveCfg = Release|Any CPU
		{B089138A-A233-4CEE-80F1-48B990A30417}.Release|Any CPU.Build.0 = Release|Any CPU
	EndGlobalSection
	GlobalSection(SolutionProperties) = preSolution
		HideSolutionNode = FALSE
	EndGlobalSection
	GlobalSection(ExtensibilityGlobals) = postSolution
		SolutionGuid = {0A1ECD48-E0C7-4F4F-AD19-CD652ADEE886}
	EndGlobalSection
EndGlobal
